
Microsoft Visual Studio Solution File, Format Version 12.00
# Visual Studio 15
Project("{FAE04EC0-301F-11D3-BF4B-00C04F79EFBC}") = "LUMOplaySDKExamples", "LUMOplaySDKExamples.csproj", "{612A93D2-15FE-DEC3-8A52-1E72100DD3F7}"
EndProject
Project("{FAE04EC0-301F-11D3-BF4B-00C04F79EFBC}") = "Assembly-CSharp", "Assembly-CSharp.csproj", "{6F955AB1-9983-9874-F27D-CCE77F24D314}"
EndProject
Project("{FAE04EC0-301F-11D3-BF4B-00C04F79EFBC}") = "LUMOPlaySDK", "LUMOPlaySDK.csproj", "{F34ACA87-69B4-468B-3459-C63C2751AE9D}"
EndProject
Project("{FAE04EC0-301F-11D3-BF4B-00C04F79EFBC}") = "Assembly-CSharp-Editor", "Assembly-CSharp-Editor.csproj", "{97EC7394-FF88-5BC4-C4B6-449275E00B4D}"
EndProject
Global
	GlobalSection(SolutionConfigurationPlatforms) = preSolution
		Debug|Any CPU = Debug|Any CPU
		Release|Any CPU = Release|Any CPU
	EndGlobalSection
	GlobalSection(ProjectConfigurationPlatforms) = postSolution
		{612A93D2-15FE-DEC3-8A52-1E72100DD3F7}.Debug|Any CPU.ActiveCfg = Debug|Any CPU
		{612A93D2-15FE-DEC3-8A52-1E72100DD3F7}.Debug|Any CPU.Build.0 = Debug|Any CPU
		{612A93D2-15FE-DEC3-8A52-1E72100DD3F7}.Release|Any CPU.ActiveCfg = Release|Any CPU
		{612A93D2-15FE-DEC3-8A52-1E72100DD3F7}.Release|Any CPU.Build.0 = Release|Any CPU
		{6F955AB1-9983-9874-F27D-CCE77F24D314}.Debug|Any CPU.ActiveCfg = Debug|Any CPU
		{6F955AB1-9983-9874-F27D-CCE77F24D314}.Debug|Any CPU.Build.0 = Debug|Any CPU
		{6F955AB1-9983-9874-F27D-CCE77F24D314}.Release|Any CPU.ActiveCfg = Release|Any CPU
		{6F955AB1-9983-9874-F27D-CCE77F24D314}.Release|Any CPU.Build.0 = Release|Any CPU
		{F34ACA87-69B4-468B-3459-C63C2751AE9D}.Debug|Any CPU.ActiveCfg = Debug|Any CPU
		{F34ACA87-69B4-468B-3459-C63C2751AE9D}.Debug|Any CPU.Build.0 = Debug|Any CPU
		{F34ACA87-69B4-468B-3459-C63C2751AE9D}.Release|Any CPU.ActiveCfg = Release|Any CPU
		{F34ACA87-69B4-468B-3459-C63C2751AE9D}.Release|Any CPU.Build.0 = Release|Any CPU
		{97EC7394-FF88-5BC4-C4B6-449275E00B4D}.Debug|Any CPU.ActiveCfg = Debug|Any CPU
		{97EC7394-FF88-5BC4-C4B6-449275E00B4D}.Debug|Any CPU.Build.0 = Debug|Any CPU
		{97EC7394-FF88-5BC4-C4B6-449275E00B4D}.Release|Any CPU.ActiveCfg = Release|Any CPU
		{97EC7394-FF88-5BC4-C4B6-449275E00B4D}.Release|Any CPU.Build.0 = Release|Any CPU
	EndGlobalSection
	GlobalSection(SolutionProperties) = preSolution
		HideSolutionNode = FALSE
	EndGlobalSection
EndGlobal
